PODS:
  - FBSnapshotTestCase (2.1.4):
    - FBSnapshotTestCase/SwiftSupport (= 2.1.4)
  - FBSnapshotTestCase/Core (2.1.4)
  - FBSnapshotTestCase/SwiftSupport (2.1.4):
    - FBSnapshotTestCase/Core
  - LTNetworking (0.1.0)

DEPENDENCIES:
  - FBSnapshotTestCase
  - LTNetworking (from `../`)

SPEC REPOS:
  https://github.com/CocoaPods/Specs.git:
    - FBSnapshotTestCase

EXTERNAL SOURCES:
  LTNetworking:
    :path: "../"

SPEC CHECKSUMS:
  FBSnapshotTestCase: 094f9f314decbabe373b87cc339bea235a63e07a
  LTNetworking: 9289c8d548197202adc9fd55964fb93c8a307d79

PODFILE CHECKSUM: 9c9caba9a8d2408a3d064f7ee5f9c7734e4a29a7

COCOAPODS: 1.5.0
