PODS:
  - LTNetworking (0.1.2)

DEPENDENCIES:
  - LTNetworking (from `/Users/hanxiaojie/Documents/GitHub/LTNetworking`)

EXTERNAL SOURCES:
  LTNetworking:
    :path: "/Users/hanxiaojie/Documents/GitHub/LTNetworking"

SPEC CHECKSUMS:
  LTNetworking: 9e9e50a489902c1139e293cbce0c8d552ecb0349

PODFILE CHECKSUM: 714f9be7dc258f3a5e9d4ff3f5969c87b4780295

COCOAPODS: 1.5.0
